// !$*UTF8*$!
{
	archiveVersion = 1;
	classes = {
	};
	objectVersion = 56;
	objects = {

/* Begin PBXBuildFile section */
		35689B324215C15BF45609FF /* libPods-WeatherApp.a in Frameworks */ = {isa = PBXBuildFile; fileRef = 2426B8D30E09C0C030C78E52 /* libPods-WeatherApp.a */; };
		AF0D18462AD58462004BC9A7 /* WeatherAPI.swift in Sources */ = {isa = PBXBuildFile; fileRef = AF0D18452AD58461004BC9A7 /* WeatherAPI.swift */; };
		AF0D18482AD58CE2004BC9A7 /* WeatherViewModel.swift in Sources */ = {isa = PBXBuildFile; fileRef = AF0D18472AD58CE1004BC9A7 /* WeatherViewModel.swift */; };
		AF2F971F2AD6C47C00A80CFE /* Localizable.strings in Resources */ = {isa = PBXBuildFile; fileRef = AF2F97212AD6C47C00A80CFE /* Localizable.strings */; };
		AF2F97442AD6D3C500A80CFE /* WidgetKit.framework in Frameworks */ = {isa = PBXBuildFile; fileRef = AF2F97272AD6D35700A80CFE /* WidgetKit.framework */; };
		AF2F97452AD6D3C500A80CFE /* SwiftUI.framework in Frameworks */ = {isa = PBXBuildFile; fileRef = AF2F97292AD6D35700A80CFE /* SwiftUI.framework */; };
		AF2F97482AD6D3C500A80CFE /* WeatherAppWidgetBundle.swift in Sources */ = {isa = PBXBuildFile; fileRef = AF2F97472AD6D3C500A80CFE /* WeatherAppWidgetBundle.swift */; };
		AF2F974A2AD6D3C500A80CFE /* WeatherAppWidgetLiveActivity.swift in Sources */ = {isa = PBXBuildFile; fileRef = AF2F97492AD6D3C500A80CFE /* WeatherAppWidgetLiveActivity.swift */; };
		AF2F974C2AD6D3C500A80CFE /* WeatherAppWidget.swift in Sources */ = {isa = PBXBuildFile; fileRef = AF2F974B2AD6D3C500A80CFE /* WeatherAppWidget.swift */; };
		AF2F974F2AD6D3CC00A80CFE /* Assets.xcassets in Resources */ = {isa = PBXBuildFile; fileRef = AF2F974E2AD6D3CC00A80CFE /* Assets.xcassets */; };
		AF2F97512AD6D3CC00A80CFE /* WeatherAppWidget.intentdefinition in Sources */ = {isa = PBXBuildFile; fileRef = AF2F974D2AD6D3C500A80CFE /* WeatherAppWidget.intentdefinition */; };
		AF2F97522AD6D3CC00A80CFE /* WeatherAppWidget.intentdefinition in Sources */ = {isa = PBXBuildFile; fileRef = AF2F974D2AD6D3C500A80CFE /* WeatherAppWidget.intentdefinition */; };
		AF2F97552AD6D3CC00A80CFE /* WeatherAppWidgetExtension.appex in Embed Foundation Extensions */ = {isa = PBXBuildFile; fileRef = AF2F97432AD6D3C500A80CFE /* WeatherAppWidgetExtension.appex */; settings = {ATTRIBUTES = (RemoveHeadersOnCopy, ); }; };
		AF2F975C2AD6DA9500A80CFE /* WeatherAppWidgetService.swift in Sources */ = {isa = PBXBuildFile; fileRef = AF2F975B2AD6DA9500A80CFE /* WeatherAppWidgetService.swift */; };
		AF45EB3B2AD4774C006A51A0 /* WeatherMainViewController.swift in Sources */ = {isa = PBXBuildFile; fileRef = AF45EB3A2AD4774C006A51A0 /* WeatherMainViewController.swift */; };
		AF45EB3D2AD4779A006A51A0 /* WeatherDetailsViewController.swift in Sources */ = {isa = PBXBuildFile; fileRef = AF45EB3C2AD4779A006A51A0 /* WeatherDetailsViewController.swift */; };
		AF45EB3F2AD477C3006A51A0 /* ForecastViewCell.swift in Sources */ = {isa = PBXBuildFile; fileRef = AF45EB3E2AD477C3006A51A0 /* ForecastViewCell.swift */; };
		AF5591DF2AD46DE7005A71C6 /* AppDelegate.swift in Sources */ = {isa = PBXBuildFile; fileRef = AF5591DE2AD46DE7005A71C6 /* AppDelegate.swift */; };
		AF5591E12AD46DE7005A71C6 /* SceneDelegate.swift in Sources */ = {isa = PBXBuildFile; fileRef = AF5591E02AD46DE7005A71C6 /* SceneDelegate.swift */; };
		AF5591E62AD46DE7005A71C6 /* Main.storyboard in Resources */ = {isa = PBXBuildFile; fileRef = AF5591E42AD46DE7005A71C6 /* Main.storyboard */; };
		AF5591E82AD46DEC005A71C6 /* Assets.xcassets in Resources */ = {isa = PBXBuildFile; fileRef = AF5591E72AD46DEC005A71C6 /* Assets.xcassets */; };
		AF5591EB2AD46DEC005A71C6 /* LaunchScreen.storyboard in Resources */ = {isa = PBXBuildFile; fileRef = AF5591E92AD46DEC005A71C6 /* LaunchScreen.storyboard */; };
		AFFF7D632AD8098E008C7891 /* WeatherResponce.swift in Sources */ = {isa = PBXBuildFile; fileRef = AFFF7D622AD8098E008C7891 /* WeatherResponce.swift */; };
		AFFF7D642AD80BD5008C7891 /* WeatherResponce.swift in Sources */ = {isa = PBXBuildFile; fileRef = AFFF7D622AD8098E008C7891 /* WeatherResponce.swift */; };
		AFFF7D6A2AD8104E008C7891 /* WeatherAPI.swift in Sources */ = {isa = PBXBuildFile; fileRef = AF0D18452AD58461004BC9A7 /* WeatherAPI.swift */; };
		DF74FBB2373640B82132F90F /* libPods-WeatherAppWidgetExtension.a in Frameworks */ = {isa = PBXBuildFile; fileRef = DB859054BE45197459A07477 /* libPods-WeatherAppWidgetExtension.a */; };
/* End PBXBuildFile section */

/* Begin PBXContainerItemProxy section */
		AF2F97532AD6D3CC00A80CFE /* PBXContainerItemProxy */ = {
			isa = PBXContainerItemProxy;
			containerPortal = AF5591D32AD46DE7005A71C6 /* Project object */;
			proxyType = 1;
			remoteGlobalIDString = AF2F97422AD6D3C500A80CFE;
			remoteInfo = WeatherAppWidgetExtension;
		};
/* End PBXContainerItemProxy section */

/* Begin PBXCopyFilesBuildPhase section */
		AF2F973E2AD6D35F00A80CFE /* Embed Foundation Extensions */ = {
			isa = PBXCopyFilesBuildPhase;
			buildActionMask = 2147483647;
			dstPath = "";
			dstSubfolderSpec = 13;
			files = (
				AF2F97552AD6D3CC00A80CFE /* WeatherAppWidgetExtension.appex in Embed Foundation Extensions */,
			);
			name = "Embed Foundation Extensions";
			runOnlyForDeploymentPostprocessing = 0;
		};
		AF2F97602AD6DDD400A80CFE /* Embed Frameworks */ = {
			isa = PBXCopyFilesBuildPhase;
			buildActionMask = 2147483647;
			dstPath = "";
			dstSubfolderSpec = 10;
			files = (
			);
			name = "Embed Frameworks";
			runOnlyForDeploymentPostprocessing = 0;
		};
/* End PBXCopyFilesBuildPhase section */

/* Begin PBXFileReference section */
		228D5EC3CD3EBE53A78D41FE /* Pods-WeatherApp.debug.xcconfig */ = {isa = PBXFileReference; includeInIndex = 1; lastKnownFileType = text.xcconfig; name = "Pods-WeatherApp.debug.xcconfig"; path = "Target Support Files/Pods-WeatherApp/Pods-WeatherApp.debug.xcconfig"; sourceTree = "<group>"; };
		2426B8D30E09C0C030C78E52 /* libPods-WeatherApp.a */ = {isa = PBXFileReference; explicitFileType = archive.ar; includeInIndex = 0; path = "libPods-WeatherApp.a"; sourceTree = BUILT_PRODUCTS_DIR; };
		7296A60F90A2C47792BF433B /* Pods-WeatherApp.release.xcconfig */ = {isa = PBXFileReference; includeInIndex = 1; lastKnownFileType = text.xcconfig; name = "Pods-WeatherApp.release.xcconfig"; path = "Target Support Files/Pods-WeatherApp/Pods-WeatherApp.release.xcconfig"; sourceTree = "<group>"; };
		9EB164DDBA943C23B2700902 /* Pods-WeatherAppWidgetExtension.release.xcconfig */ = {isa = PBXFileReference; includeInIndex = 1; lastKnownFileType = text.xcconfig; name = "Pods-WeatherAppWidgetExtension.release.xcconfig"; path = "Target Support Files/Pods-WeatherAppWidgetExtension/Pods-WeatherAppWidgetExtension.release.xcconfig"; sourceTree = "<group>"; };
		A200F2D1A9494EE4D9FF1190 /* Pods-WeatherAppWidgetExtension.debug.xcconfig */ = {isa = PBXFileReference; includeInIndex = 1; lastKnownFileType = text.xcconfig; name = "Pods-WeatherAppWidgetExtension.debug.xcconfig"; path = "Target Support Files/Pods-WeatherAppWidgetExtension/Pods-WeatherAppWidgetExtension.debug.xcconfig"; sourceTree = "<group>"; };
		AF0D18452AD58461004BC9A7 /* WeatherAPI.swift */ = {isa = PBXFileReference; lastKnownFileType = sourcecode.swift; path = WeatherAPI.swift; sourceTree = "<group>"; };
		AF0D18472AD58CE1004BC9A7 /* WeatherViewModel.swift */ = {isa = PBXFileReference; lastKnownFileType = sourcecode.swift; path = WeatherViewModel.swift; sourceTree = "<group>"; };
		AF2F971B2AD6BE4C00A80CFE /* uk */ = {isa = PBXFileReference; lastKnownFileType = text.plist.strings; name = uk; path = uk.lproj/Main.strings; sourceTree = "<group>"; };
		AF2F971C2AD6BE4C00A80CFE /* uk */ = {isa = PBXFileReference; lastKnownFileType = text.plist.strings; name = uk; path = uk.lproj/LaunchScreen.strings; sourceTree = "<group>"; };
		AF2F97202AD6C47C00A80CFE /* uk */ = {isa = PBXFileReference; lastKnownFileType = text.plist.strings; name = uk; path = uk.lproj/Localizable.strings; sourceTree = "<group>"; };
		AF2F97272AD6D35700A80CFE /* WidgetKit.framework */ = {isa = PBXFileReference; lastKnownFileType = wrapper.framework; name = WidgetKit.framework; path = System/Library/Frameworks/WidgetKit.framework; sourceTree = SDKROOT; };
		AF2F97292AD6D35700A80CFE /* SwiftUI.framework */ = {isa = PBXFileReference; lastKnownFileType = wrapper.framework; name = SwiftUI.framework; path = System/Library/Frameworks/SwiftUI.framework; sourceTree = SDKROOT; };
		AF2F97432AD6D3C500A80CFE /* WeatherAppWidgetExtension.appex */ = {isa = PBXFileReference; explicitFileType = "wrapper.app-extension"; includeInIndex = 0; path = WeatherAppWidgetExtension.appex; sourceTree = BUILT_PRODUCTS_DIR; };
		AF2F97472AD6D3C500A80CFE /* WeatherAppWidgetBundle.swift */ = {isa = PBXFileReference; lastKnownFileType = sourcecode.swift; path = WeatherAppWidgetBundle.swift; sourceTree = "<group>"; };
		AF2F97492AD6D3C500A80CFE /* WeatherAppWidgetLiveActivity.swift */ = {isa = PBXFileReference; lastKnownFileType = sourcecode.swift; path = WeatherAppWidgetLiveActivity.swift; sourceTree = "<group>"; };
		AF2F974B2AD6D3C500A80CFE /* WeatherAppWidget.swift */ = {isa = PBXFileReference; lastKnownFileType = sourcecode.swift; path = WeatherAppWidget.swift; sourceTree = "<group>"; };
		AF2F974D2AD6D3C500A80CFE /* WeatherAppWidget.intentdefinition */ = {isa = PBXFileReference; lastKnownFileType = file.intentdefinition; path = WeatherAppWidget.intentdefinition; sourceTree = "<group>"; };
		AF2F974E2AD6D3CC00A80CFE /* Assets.xcassets */ = {isa = PBXFileReference; lastKnownFileType = folder.assetcatalog; path = Assets.xcassets; sourceTree = "<group>"; };
		AF2F97502AD6D3CC00A80CFE /* Info.plist */ = {isa = PBXFileReference; lastKnownFileType = text.plist.xml; path = Info.plist; sourceTree = "<group>"; };
		AF2F975B2AD6DA9500A80CFE /* WeatherAppWidgetService.swift */ = {isa = PBXFileReference; lastKnownFileType = sourcecode.swift; path = WeatherAppWidgetService.swift; sourceTree = "<group>"; };
		AF2F975D2AD6DDD300A80CFE /* Alamofire.framework */ = {isa = PBXFileReference; explicitFileType = wrapper.framework; path = Alamofire.framework; sourceTree = BUILT_PRODUCTS_DIR; };
		AF45EB3A2AD4774C006A51A0 /* WeatherMainViewController.swift */ = {isa = PBXFileReference; lastKnownFileType = sourcecode.swift; path = WeatherMainViewController.swift; sourceTree = "<group>"; };
		AF45EB3C2AD4779A006A51A0 /* WeatherDetailsViewController.swift */ = {isa = PBXFileReference; lastKnownFileType = sourcecode.swift; path = WeatherDetailsViewController.swift; sourceTree = "<group>"; };
		AF45EB3E2AD477C3006A51A0 /* ForecastViewCell.swift */ = {isa = PBXFileReference; lastKnownFileType = sourcecode.swift; path = ForecastViewCell.swift; sourceTree = "<group>"; };
		AF5591DB2AD46DE7005A71C6 /* WeatherApp.app */ = {isa = PBXFileReference; explicitFileType = wrapper.application; includeInIndex = 0; path = WeatherApp.app; sourceTree = BUILT_PRODUCTS_DIR; };
		AF5591DE2AD46DE7005A71C6 /* AppDelegate.swift */ = {isa = PBXFileReference; lastKnownFileType = sourcecode.swift; path = AppDelegate.swift; sourceTree = "<group>"; };
		AF5591E02AD46DE7005A71C6 /* SceneDelegate.swift */ = {isa = PBXFileReference; lastKnownFileType = sourcecode.swift; path = SceneDelegate.swift; sourceTree = "<group>"; };
		AF5591E52AD46DE7005A71C6 /* Base */ = {isa = PBXFileReference; lastKnownFileType = file.storyboard; name = Base; path = Base.lproj/Main.storyboard; sourceTree = "<group>"; };
		AF5591E72AD46DEC005A71C6 /* Assets.xcassets */ = {isa = PBXFileReference; lastKnownFileType = folder.assetcatalog; path = Assets.xcassets; sourceTree = "<group>"; };
		AF5591EA2AD46DEC005A71C6 /* Base */ = {isa = PBXFileReference; lastKnownFileType = file.storyboard; name = Base; path = Base.lproj/LaunchScreen.storyboard; sourceTree = "<group>"; };
		AF5591EC2AD46DEC005A71C6 /* Info.plist */ = {isa = PBXFileReference; lastKnownFileType = text.plist.xml; path = Info.plist; sourceTree = "<group>"; };
		AF6CD5162AD6F48800EAD371 /* WeatherApp.entitlements */ = {isa = PBXFileReference; lastKnownFileType = text.plist.entitlements; path = WeatherApp.entitlements; sourceTree = "<group>"; };
		AF6CD5172AD6F4AE00EAD371 /* WeatherAppWidgetExtension.entitlements */ = {isa = PBXFileReference; lastKnownFileType = text.plist.entitlements; path = WeatherAppWidgetExtension.entitlements; sourceTree = "<group>"; };
		AFFF7D622AD8098E008C7891 /* WeatherResponce.swift */ = {isa = PBXFileReference; lastKnownFileType = sourcecode.swift; path = WeatherResponce.swift; sourceTree = "<group>"; };
		DB859054BE45197459A07477 /* libPods-WeatherAppWidgetExtension.a */ = {isa = PBXFileReference; explicitFileType = archive.ar; includeInIndex = 0; path = "libPods-WeatherAppWidgetExtension.a"; sourceTree = BUILT_PRODUCTS_DIR; };
/* End PBXFileReference section */

/* Begin PBXFrameworksBuildPhase section */
		AF2F97402AD6D3C500A80CFE /* Frameworks */ = {
			isa = PBXFrameworksBuildPhase;
			buildActionMask = 2147483647;
			files = (
				AF2F97452AD6D3C500A80CFE /* SwiftUI.framework in Frameworks */,
				AF2F97442AD6D3C500A80CFE /* WidgetKit.framework in Frameworks */,
				DF74FBB2373640B82132F90F /* libPods-WeatherAppWidgetExtension.a in Frameworks */,
			);
			runOnlyForDeploymentPostprocessing = 0;
		};
		AF5591D82AD46DE7005A71C6 /* Frameworks */ = {
			isa = PBXFrameworksBuildPhase;
			buildActionMask = 2147483647;
			files = (
				35689B324215C15BF45609FF /* libPods-WeatherApp.a in Frameworks */,
			);
			runOnlyForDeploymentPostprocessing = 0;
		};
/* End PBXFrameworksBuildPhase section */

/* Begin PBXGroup section */
		3273C0208BC03797C9100C7B /* Pods */ = {
			isa = PBXGroup;
			children = (
				228D5EC3CD3EBE53A78D41FE /* Pods-WeatherApp.debug.xcconfig */,
				7296A60F90A2C47792BF433B /* Pods-WeatherApp.release.xcconfig */,
				A200F2D1A9494EE4D9FF1190 /* Pods-WeatherAppWidgetExtension.debug.xcconfig */,
				9EB164DDBA943C23B2700902 /* Pods-WeatherAppWidgetExtension.release.xcconfig */,
			);
			path = Pods;
			sourceTree = "<group>";
		};
		AF2F97462AD6D3C500A80CFE /* WeatherAppWidget */ = {
			isa = PBXGroup;
			children = (
				AFFF7D602AD808B0008C7891 /* Service */,
				AF2F97472AD6D3C500A80CFE /* WeatherAppWidgetBundle.swift */,
				AF2F97492AD6D3C500A80CFE /* WeatherAppWidgetLiveActivity.swift */,
				AF2F974B2AD6D3C500A80CFE /* WeatherAppWidget.swift */,
				AF2F974D2AD6D3C500A80CFE /* WeatherAppWidget.intentdefinition */,
				AF2F974E2AD6D3CC00A80CFE /* Assets.xcassets */,
				AF2F97502AD6D3CC00A80CFE /* Info.plist */,
			);
			path = WeatherAppWidget;
			sourceTree = "<group>";
		};
		AF5591D22AD46DE7005A71C6 = {
			isa = PBXGroup;
			children = (
				AF6CD5172AD6F4AE00EAD371 /* WeatherAppWidgetExtension.entitlements */,
				AF5591DD2AD46DE7005A71C6 /* WeatherApp */,
				AF2F97462AD6D3C500A80CFE /* WeatherAppWidget */,
				AF5591DC2AD46DE7005A71C6 /* Products */,
				3273C0208BC03797C9100C7B /* Pods */,
				C6E2E6500FD905F77C700895 /* Frameworks */,
			);
			sourceTree = "<group>";
		};
		AF5591DC2AD46DE7005A71C6 /* Products */ = {
			isa = PBXGroup;
			children = (
				AF5591DB2AD46DE7005A71C6 /* WeatherApp.app */,
				AF2F97432AD6D3C500A80CFE /* WeatherAppWidgetExtension.appex */,
			);
			name = Products;
			sourceTree = "<group>";
		};
		AF5591DD2AD46DE7005A71C6 /* WeatherApp */ = {
			isa = PBXGroup;
			children = (
				AFFF7D692AD80C59008C7891 /* View */,
				AFFF7D662AD80C29008C7891 /* ViewModel */,
				AFFF7D652AD80C09008C7891 /* Networking */,
				AF6CD5162AD6F48800EAD371 /* WeatherApp.entitlements */,
				AF5591DE2AD46DE7005A71C6 /* AppDelegate.swift */,
				AF5591E02AD46DE7005A71C6 /* SceneDelegate.swift */,
				AF5591E42AD46DE7005A71C6 /* Main.storyboard */,
				AF5591E72AD46DEC005A71C6 /* Assets.xcassets */,
				AF5591E92AD46DEC005A71C6 /* LaunchScreen.storyboard */,
				AF5591EC2AD46DEC005A71C6 /* Info.plist */,
				AF2F97212AD6C47C00A80CFE /* Localizable.strings */,
			);
			path = WeatherApp;
			sourceTree = "<group>";
		};
		AFFF7D602AD808B0008C7891 /* Service */ = {
			isa = PBXGroup;
			children = (
				AF2F975B2AD6DA9500A80CFE /* WeatherAppWidgetService.swift */,
			);
			path = Service;
			sourceTree = "<group>";
		};
		AFFF7D612AD80967008C7891 /* Model */ = {
			isa = PBXGroup;
			children = (
				AFFF7D622AD8098E008C7891 /* WeatherResponce.swift */,
			);
			path = Model;
			sourceTree = "<group>";
		};
		AFFF7D652AD80C09008C7891 /* Networking */ = {
			isa = PBXGroup;
			children = (
				AF0D18452AD58461004BC9A7 /* WeatherAPI.swift */,
				AFFF7D612AD80967008C7891 /* Model */,
			);
			path = Networking;
			sourceTree = "<group>";
		};
		AFFF7D662AD80C29008C7891 /* ViewModel */ = {
			isa = PBXGroup;
			children = (
				AF0D18472AD58CE1004BC9A7 /* WeatherViewModel.swift */,
			);
			path = ViewModel;
			sourceTree = "<group>";
		};
		AFFF7D672AD80C35008C7891 /* ViewController */ = {
			isa = PBXGroup;
			children = (
				AF45EB3A2AD4774C006A51A0 /* WeatherMainViewController.swift */,
				AF45EB3C2AD4779A006A51A0 /* WeatherDetailsViewController.swift */,
			);
			path = ViewController;
			sourceTree = "<group>";
		};
		AFFF7D682AD80C4E008C7891 /* Cell */ = {
			isa = PBXGroup;
			children = (
				AF45EB3E2AD477C3006A51A0 /* ForecastViewCell.swift */,
			);
			path = Cell;
			sourceTree = "<group>";
		};
		AFFF7D692AD80C59008C7891 /* View */ = {
			isa = PBXGroup;
			children = (
				AFFF7D682AD80C4E008C7891 /* Cell */,
				AFFF7D672AD80C35008C7891 /* ViewController */,
			);
			path = View;
			sourceTree = "<group>";
		};
		C6E2E6500FD905F77C700895 /* Frameworks */ = {
			isa = PBXGroup;
			children = (
				AF2F975D2AD6DDD300A80CFE /* Alamofire.framework */,
				AF2F97272AD6D35700A80CFE /* WidgetKit.framework */,
				AF2F97292AD6D35700A80CFE /* SwiftUI.framework */,
				2426B8D30E09C0C030C78E52 /* libPods-WeatherApp.a */,
				DB859054BE45197459A07477 /* libPods-WeatherAppWidgetExtension.a */,
			);
			name = Frameworks;
			sourceTree = "<group>";
		};
/* End PBXGroup section */

/* Begin PBXNativeTarget section */
		AF2F97422AD6D3C500A80CFE /* WeatherAppWidgetExtension */ = {
			isa = PBXNativeTarget;
			buildConfigurationList = AF2F97562AD6D3CD00A80CFE /* Build configuration list for PBXNativeTarget "WeatherAppWidgetExtension" */;
			buildPhases = (
				1CBE9417708DBD42E9A2F57E /* [CP] Check Pods Manifest.lock */,
				AF2F973F2AD6D3C500A80CFE /* Sources */,
				AF2F97402AD6D3C500A80CFE /* Frameworks */,
				AF2F97412AD6D3C500A80CFE /* Resources */,
				AF2F97602AD6DDD400A80CFE /* Embed Frameworks */,
			);
			buildRules = (
			);
			dependencies = (
			);
			name = WeatherAppWidgetExtension;
			productName = WeatherAppWidgetExtension;
			productReference = AF2F97432AD6D3C500A80CFE /* WeatherAppWidgetExtension.appex */;
			productType = "com.apple.product-type.app-extension";
		};
		AF5591DA2AD46DE7005A71C6 /* WeatherApp */ = {
			isa = PBXNativeTarget;
			buildConfigurationList = AF5591EF2AD46DEC005A71C6 /* Build configuration list for PBXNativeTarget "WeatherApp" */;
			buildPhases = (
				BD122C5DDC940710F8B9DC99 /* [CP] Check Pods Manifest.lock */,
				AF5591D72AD46DE7005A71C6 /* Sources */,
				AF5591D82AD46DE7005A71C6 /* Frameworks */,
				AF5591D92AD46DE7005A71C6 /* Resources */,
				AF2F973E2AD6D35F00A80CFE /* Embed Foundation Extensions */,
			);
			buildRules = (
			);
			dependencies = (
				AF2F97542AD6D3CC00A80CFE /* PBXTargetDependency */,
			);
			name = WeatherApp;
			productName = WeatherApp;
			productReference = AF5591DB2AD46DE7005A71C6 /* WeatherApp.app */;
			productType = "com.apple.product-type.application";
		};
/* End PBXNativeTarget section */

/* Begin PBXProject section */
		AF5591D32AD46DE7005A71C6 /* Project object */ = {
			isa = PBXProject;
			attributes = {
				BuildIndependentTargetsInParallel = 1;
				LastSwiftUpdateCheck = 1420;
				LastUpgradeCheck = 1420;
				TargetAttributes = {
					AF2F97422AD6D3C500A80CFE = {
						CreatedOnToolsVersion = 14.2;
					};
					AF5591DA2AD46DE7005A71C6 = {
						CreatedOnToolsVersion = 14.2;
					};
				};
			};
			buildConfigurationList = AF5591D62AD46DE7005A71C6 /* Build configuration list for PBXProject "WeatherApp" */;
			compatibilityVersion = "Xcode 14.0";
			developmentRegion = en;
			hasScannedForEncodings = 0;
			knownRegions = (
				en,
				Base,
				uk,
			);
			mainGroup = AF5591D22AD46DE7005A71C6;
			productRefGroup = AF5591DC2AD46DE7005A71C6 /* Products */;
			projectDirPath = "";
			projectRoot = "";
			targets = (
				AF5591DA2AD46DE7005A71C6 /* WeatherApp */,
				AF2F97422AD6D3C500A80CFE /* WeatherAppWidgetExtension */,
			);
		};
/* End PBXProject section */

/* Begin PBXResourcesBuildPhase section */
		AF2F97412AD6D3C500A80CFE /* Resources */ = {
			isa = PBXResourcesBuildPhase;
			buildActionMask = 2147483647;
			files = (
				AF2F974F2AD6D3CC00A80CFE /* Assets.xcassets in Resources */,
			);
			runOnlyForDeploymentPostprocessing = 0;
		};
		AF5591D92AD46DE7005A71C6 /* Resources */ = {
			isa = PBXResourcesBuildPhase;
			buildActionMask = 2147483647;
			files = (
				AF5591EB2AD46DEC005A71C6 /* LaunchScreen.storyboard in Resources */,
				AF2F971F2AD6C47C00A80CFE /* Localizable.strings in Resources */,
				AF5591E82AD46DEC005A71C6 /* Assets.xcassets in Resources */,
				AF5591E62AD46DE7005A71C6 /* Main.storyboard in Resources */,
			);
			runOnlyForDeploymentPostprocessing = 0;
		};
/* End PBXResourcesBuildPhase section */

/* Begin PBXShellScriptBuildPhase section */
		1CBE9417708DBD42E9A2F57E /* [CP] Check Pods Manifest.lock */ = {
			isa = PBXShellScriptBuildPhase;
			buildActionMask = 2147483647;
			files = (
			);
			inputFileListPaths = (
			);
			inputPaths = (
				"${PODS_PODFILE_DIR_PATH}/Podfile.lock",
				"${PODS_ROOT}/Manifest.lock",
			);
			name = "[CP] Check Pods Manifest.lock";
			outputFileListPaths = (
			);
			outputPaths = (
				"$(DERIVED_FILE_DIR)/Pods-WeatherAppWidgetExtension-checkManifestLockResult.txt",
			);
			runOnlyForDeploymentPostprocessing = 0;
			shellPath = /bin/sh;
			shellScript = "diff \"${PODS_PODFILE_DIR_PATH}/Podfile.lock\" \"${PODS_ROOT}/Manifest.lock\" > /dev/null\nif [ $? != 0 ] ; then\n    # print error to STDERR\n    echo \"error: The sandbox is not in sync with the Podfile.lock. Run 'pod install' or update your CocoaPods installation.\" >&2\n    exit 1\nfi\n# This output is used by Xcode 'outputs' to avoid re-running this script phase.\necho \"SUCCESS\" > \"${SCRIPT_OUTPUT_FILE_0}\"\n";
			showEnvVarsInLog = 0;
		};
		BD122C5DDC940710F8B9DC99 /* [CP] Check Pods Manifest.lock */ = {
			isa = PBXShellScriptBuildPhase;
			buildActionMask = 2147483647;
			files = (
			);
			inputFileListPaths = (
			);
			inputPaths = (
				"${PODS_PODFILE_DIR_PATH}/Podfile.lock",
				"${PODS_ROOT}/Manifest.lock",
			);
			name = "[CP] Check Pods Manifest.lock";
			outputFileListPaths = (
			);
			outputPaths = (
				"$(DERIVED_FILE_DIR)/Pods-WeatherApp-checkManifestLockResult.txt",
			);
			runOnlyForDeploymentPostprocessing = 0;
			shellPath = /bin/sh;
			shellScript = "diff \"${PODS_PODFILE_DIR_PATH}/Podfile.lock\" \"${PODS_ROOT}/Manifest.lock\" > /dev/null\nif [ $? != 0 ] ; then\n    # print error to STDERR\n    echo \"error: The sandbox is not in sync with the Podfile.lock. Run 'pod install' or update your CocoaPods installation.\" >&2\n    exit 1\nfi\n# This output is used by Xcode 'outputs' to avoid re-running this script phase.\necho \"SUCCESS\" > \"${SCRIPT_OUTPUT_FILE_0}\"\n";
			showEnvVarsInLog = 0;
		};
/* End PBXShellScriptBuildPhase section */

/* Begin PBXSourcesBuildPhase section */
		AF2F973F2AD6D3C500A80CFE /* Sources */ = {
			isa = PBXSourcesBuildPhase;
			buildActionMask = 2147483647;
			files = (
				AF2F974C2AD6D3C500A80CFE /* WeatherAppWidget.swift in Sources */,
				AFFF7D6A2AD8104E008C7891 /* WeatherAPI.swift in Sources */,
				AF2F97512AD6D3CC00A80CFE /* WeatherAppWidget.intentdefinition in Sources */,
				AF2F975C2AD6DA9500A80CFE /* WeatherAppWidgetService.swift in Sources */,
				AFFF7D642AD80BD5008C7891 /* WeatherResponce.swift in Sources */,
				AF2F97482AD6D3C500A80CFE /* WeatherAppWidgetBundle.swift in Sources */,
				AF2F974A2AD6D3C500A80CFE /* WeatherAppWidgetLiveActivity.swift in Sources */,
			);
			runOnlyForDeploymentPostprocessing = 0;
		};
		AF5591D72AD46DE7005A71C6 /* Sources */ = {
			isa = PBXSourcesBuildPhase;
			buildActionMask = 2147483647;
			files = (
				AF45EB3D2AD4779A006A51A0 /* WeatherDetailsViewController.swift in Sources */,
				AF5591DF2AD46DE7005A71C6 /* AppDelegate.swift in Sources */,
				AF45EB3F2AD477C3006A51A0 /* ForecastViewCell.swift in Sources */,
				AF0D18482AD58CE2004BC9A7 /* WeatherViewModel.swift in Sources */,
				AF0D18462AD58462004BC9A7 /* WeatherAPI.swift in Sources */,
				AF2F97522AD6D3CC00A80CFE /* WeatherAppWidget.intentdefinition in Sources */,
				AFFF7D632AD8098E008C7891 /* WeatherResponce.swift in Sources */,
				AF45EB3B2AD4774C006A51A0 /* WeatherMainViewController.swift in Sources */,
				AF5591E12AD46DE7005A71C6 /* SceneDelegate.swift in Sources */,
			);
			runOnlyForDeploymentPostprocessing = 0;
		};
/* End PBXSourcesBuildPhase section */

/* Begin PBXTargetDependency section */
		AF2F97542AD6D3CC00A80CFE /* PBXTargetDependency */ = {
			isa = PBXTargetDependency;
			target = AF2F97422AD6D3C500A80CFE /* WeatherAppWidgetExtension */;
			targetProxy = AF2F97532AD6D3CC00A80CFE /* PBXContainerItemProxy */;
		};
/* End PBXTargetDependency section */

/* Begin PBXVariantGroup section */
		AF2F97212AD6C47C00A80CFE /* Localizable.strings */ = {
			isa = PBXVariantGroup;
			children = (
				AF2F97202AD6C47C00A80CFE /* uk */,
			);
			name = Localizable.strings;
			sourceTree = "<group>";
		};
		AF5591E42AD46DE7005A71C6 /* Main.storyboard */ = {
			isa = PBXVariantGroup;
			children = (
				AF5591E52AD46DE7005A71C6 /* Base */,
				AF2F971B2AD6BE4C00A80CFE /* uk */,
			);
			name = Main.storyboard;
			sourceTree = "<group>";
		};
		AF5591E92AD46DEC005A71C6 /* LaunchScreen.storyboard */ = {
			isa = PBXVariantGroup;
			children = (
				AF5591EA2AD46DEC005A71C6 /* Base */,
				AF2F971C2AD6BE4C00A80CFE /* uk */,
			);
			name = LaunchScreen.storyboard;
			sourceTree = "<group>";
		};
/* End PBXVariantGroup section */

/* Begin XCBuildConfiguration section */
		AF2F97572AD6D3CD00A80CFE /* Debug */ = {
			isa = XCBuildConfiguration;
			baseConfigurationReference = A200F2D1A9494EE4D9FF1190 /* Pods-WeatherAppWidgetExtension.debug.xcconfig */;
			buildSettings = {
				ASSETCATALOG_COMPILER_GLOBAL_ACCENT_COLOR_NAME = AccentColor;
				ASSETCATALOG_COMPILER_WIDGET_BACKGROUND_COLOR_NAME = WidgetBackground;
				CODE_SIGN_ENTITLEMENTS = WeatherAppWidgetExtension.entitlements;
				CODE_SIGN_STYLE = Automatic;
				CURRENT_PROJECT_VERSION = 1;
				DEVELOPMENT_TEAM = S25S2XR8HU;
				GENERATE_INFOPLIST_FILE = YES;
				INFOPLIST_FILE = WeatherAppWidget/Info.plist;
				INFOPLIST_KEY_CFBundleDisplayName = WeatherAppWidget;
				INFOPLIST_KEY_NSHumanReadableCopyright = "";
				LD_RUNPATH_SEARCH_PATHS = (
					"$(inherited)",
					"@executable_path/Frameworks",
					"@executable_path/../../Frameworks",
				);
				MARKETING_VERSION = 1.0;
				PRODUCT_BUNDLE_IDENTIFIER = ua.edu.ukma.maister.WeatherApp.WeatherAppWidget;
				PRODUCT_NAME = "$(TARGET_NAME)";
				SKIP_INSTALL = YES;
				SWIFT_EMIT_LOC_STRINGS = YES;
				SWIFT_VERSION = 5.0;
				TARGETED_DEVICE_FAMILY = "1,2";
			};
			name = Debug;
		};
		AF2F97582AD6D3CD00A80CFE /* Release */ = {
			isa = XCBuildConfiguration;
			baseConfigurationReference = 9EB164DDBA943C23B2700902 /* Pods-WeatherAppWidgetExtension.release.xcconfig */;
			buildSettings = {
				ASSETCATALOG_COMPILER_GLOBAL_ACCENT_COLOR_NAME = AccentColor;
				ASSETCATALOG_COMPILER_WIDGET_BACKGROUND_COLOR_NAME = WidgetBackground;
				CODE_SIGN_ENTITLEMENTS = WeatherAppWidgetExtension.entitlements;
				CODE_SIGN_STYLE = Automatic;
				CURRENT_PROJECT_VERSION = 1;
				DEVELOPMENT_TEAM = S25S2XR8HU;
				GENERATE_INFOPLIST_FILE = YES;
				INFOPLIST_FILE = WeatherAppWidget/Info.plist;
				INFOPLIST_KEY_CFBundleDisplayName = WeatherAppWidget;
				INFOPLIST_KEY_NSHumanReadableCopyright = "";
				LD_RUNPATH_SEARCH_PATHS = (
					"$(inherited)",
					"@executable_path/Frameworks",
					"@executable_path/../../Frameworks",
				);
				MARKETING_VERSION = 1.0;
				PRODUCT_BUNDLE_IDENTIFIER = ua.edu.ukma.maister.WeatherApp.WeatherAppWidget;
				PRODUCT_NAME = "$(TARGET_NAME)";
				SKIP_INSTALL = YES;
				SWIFT_EMIT_LOC_STRINGS = YES;
				SWIFT_VERSION = 5.0;
				TARGETED_DEVICE_FAMILY = "1,2";
			};
			name = Release;
		};
		AF5591ED2AD46DEC005A71C6 /* Debug */ = {
			isa = XCBuildConfiguration;
			buildSettings = {
				ALWAYS_SEARCH_USER_PATHS = NO;
				CLANG_ANALYZER_LOCALIZABILITY_NONLOCALIZED = YES;
				CLANG_ANALYZER_NONNULL = YES;
				CLANG_ANALYZER_NUMBER_OBJECT_CONVERSION = YES_AGGRESSIVE;
				CLANG_CXX_LANGUAGE_STANDARD = "gnu++20";
				CLANG_ENABLE_MODULES = YES;
				CLANG_ENABLE_OBJC_ARC = YES;
				CLANG_ENABLE_OBJC_WEAK = YES;
				CLANG_WARN_BLOCK_CAPTURE_AUTORELEASING = YES;
				CLANG_WARN_BOOL_CONVERSION = YES;
				CLANG_WARN_COMMA = YES;
				CLANG_WARN_CONSTANT_CONVERSION = YES;
				CLANG_WARN_DEPRECATED_OBJC_IMPLEMENTATIONS = YES;
				CLANG_WARN_DIRECT_OBJC_ISA_USAGE = YES_ERROR;
				CLANG_WARN_DOCUMENTATION_COMMENTS = YES;
				CLANG_WARN_EMPTY_BODY = YES;
				CLANG_WARN_ENUM_CONVERSION = YES;
				CLANG_WARN_INFINITE_RECURSION = YES;
				CLANG_WARN_INT_CONVERSION = YES;
				CLANG_WARN_NON_LITERAL_NULL_CONVERSION = YES;
				CLANG_WARN_OBJC_IMPLICIT_RETAIN_SELF = YES;
				CLANG_WARN_OBJC_LITERAL_CONVERSION = YES;
				CLANG_WARN_OBJC_ROOT_CLASS = YES_ERROR;
				CLANG_WARN_QUOTED_INCLUDE_IN_FRAMEWORK_HEADER = YES;
				CLANG_WARN_RANGE_LOOP_ANALYSIS = YES;
				CLANG_WARN_STRICT_PROTOTYPES = YES;
				CLANG_WARN_SUSPICIOUS_MOVE = YES;
				CLANG_WARN_UNGUARDED_AVAILABILITY = YES_AGGRESSIVE;
				CLANG_WARN_UNREACHABLE_CODE = YES;
				CLANG_WARN__DUPLICATE_METHOD_MATCH = YES;
				COPY_PHASE_STRIP = NO;
				DEBUG_INFORMATION_FORMAT = dwarf;
				ENABLE_STRICT_OBJC_MSGSEND = YES;
				ENABLE_TESTABILITY = YES;
				GCC_C_LANGUAGE_STANDARD = gnu11;
				GCC_DYNAMIC_NO_PIC = NO;
				GCC_NO_COMMON_BLOCKS = YES;
				GCC_OPTIMIZATION_LEVEL = 0;
				GCC_PREPROCESSOR_DEFINITIONS = (
					"DEBUG=1",
					"$(inherited)",
				);
				GCC_WARN_64_TO_32_BIT_CONVERSION = YES;
				GCC_WARN_ABOUT_RETURN_TYPE = YES_ERROR;
				GCC_WARN_UNDECLARED_SELECTOR = YES;
				GCC_WARN_UNINITIALIZED_AUTOS = YES_AGGRESSIVE;
				GCC_WARN_UNUSED_FUNCTION = YES;
				GCC_WARN_UNUSED_VARIABLE = YES;
				IPHONEOS_DEPLOYMENT_TARGET = 16.2;
				MTL_ENABLE_DEBUG_INFO = INCLUDE_SOURCE;
				MTL_FAST_MATH = YES;
				ONLY_ACTIVE_ARCH = YES;
				SDKROOT = iphoneos;
				SWIFT_ACTIVE_COMPILATION_CONDITIONS = DEBUG;
				SWIFT_OPTIMIZATION_LEVEL = "-Onone";
			};
			name = Debug;
		};
		AF5591EE2AD46DEC005A71C6 /* Release */ = {
			isa = XCBuildConfiguration;
			buildSettings = {
				ALWAYS_SEARCH_USER_PATHS = NO;
				CLANG_ANALYZER_LOCALIZABILITY_NONLOCALIZED = YES;
				CLANG_ANALYZER_NONNULL = YES;
				CLANG_ANALYZER_NUMBER_OBJECT_CONVERSION = YES_AGGRESSIVE;
				CLANG_CXX_LANGUAGE_STANDARD = "gnu++20";
				CLANG_ENABLE_MODULES = YES;
				CLANG_ENABLE_OBJC_ARC = YES;
				CLANG_ENABLE_OBJC_WEAK = YES;
				CLANG_WARN_BLOCK_CAPTURE_AUTORELEASING = YES;
				CLANG_WARN_BOOL_CONVERSION = YES;
				CLANG_WARN_COMMA = YES;
				CLANG_WARN_CONSTANT_CONVERSION = YES;
				CLANG_WARN_DEPRECATED_OBJC_IMPLEMENTATIONS = YES;
				CLANG_WARN_DIRECT_OBJC_ISA_USAGE = YES_ERROR;
				CLANG_WARN_DOCUMENTATION_COMMENTS = YES;
				CLANG_WARN_EMPTY_BODY = YES;
				CLANG_WARN_ENUM_CONVERSION = YES;
				CLANG_WARN_INFINITE_RECURSION = YES;
				CLANG_WARN_INT_CONVERSION = YES;
				CLANG_WARN_NON_LITERAL_NULL_CONVERSION = YES;
				CLANG_WARN_OBJC_IMPLICIT_RETAIN_SELF = YES;
				CLANG_WARN_OBJC_LITERAL_CONVERSION = YES;
				CLANG_WARN_OBJC_ROOT_CLASS = YES_ERROR;
				CLANG_WARN_QUOTED_INCLUDE_IN_FRAMEWORK_HEADER = YES;
				CLANG_WARN_RANGE_LOOP_ANALYSIS = YES;
				CLANG_WARN_STRICT_PROTOTYPES = YES;
				CLANG_WARN_SUSPICIOUS_MOVE = YES;
				CLANG_WARN_UNGUARDED_AVAILABILITY = YES_AGGRESSIVE;
				CLANG_WARN_UNREACHABLE_CODE = YES;
				CLANG_WARN__DUPLICATE_METHOD_MATCH = YES;
				COPY_PHASE_STRIP = NO;
				DEBUG_INFORMATION_FORMAT = "dwarf-with-dsym";
				ENABLE_NS_ASSERTIONS = NO;
				ENABLE_STRICT_OBJC_MSGSEND = YES;
				GCC_C_LANGUAGE_STANDARD = gnu11;
				GCC_NO_COMMON_BLOCKS = YES;
				GCC_WARN_64_TO_32_BIT_CONVERSION = YES;
				GCC_WARN_ABOUT_RETURN_TYPE = YES_ERROR;
				GCC_WARN_UNDECLARED_SELECTOR = YES;
				GCC_WARN_UNINITIALIZED_AUTOS = YES_AGGRESSIVE;
				GCC_WARN_UNUSED_FUNCTION = YES;
				GCC_WARN_UNUSED_VARIABLE = YES;
				IPHONEOS_DEPLOYMENT_TARGET = 16.2;
				MTL_ENABLE_DEBUG_INFO = NO;
				MTL_FAST_MATH = YES;
				SDKROOT = iphoneos;
				SWIFT_COMPILATION_MODE = wholemodule;
				SWIFT_OPTIMIZATION_LEVEL = "-O";
				VALIDATE_PRODUCT = YES;
			};
			name = Release;
		};
		AF5591F02AD46DEC005A71C6 /* Debug */ = {
			isa = XCBuildConfiguration;
			baseConfigurationReference = 228D5EC3CD3EBE53A78D41FE /* Pods-WeatherApp.debug.xcconfig */;
			buildSettings = {
				ALWAYS_EMBED_SWIFT_STANDARD_LIBRARIES = YES;
				ASSETCATALOG_COMPILER_APPICON_NAME = AppIcon;
				ASSETCATALOG_COMPILER_GLOBAL_ACCENT_COLOR_NAME = AccentColor;
				CODE_SIGN_ENTITLEMENTS = WeatherApp/WeatherApp.entitlements;
				CODE_SIGN_STYLE = Automatic;
				CURRENT_PROJECT_VERSION = 1;
				DEVELOPMENT_TEAM = S25S2XR8HU;
				GENERATE_INFOPLIST_FILE = YES;
				INFOPLIST_FILE = WeatherApp/Info.plist;
				INFOPLIST_KEY_UIApplicationSupportsIndirectInputEvents = YES;
				INFOPLIST_KEY_UILaunchStoryboardName = LaunchScreen;
				INFOPLIST_KEY_UIMainStoryboardFile = Main;
				INFOPLIST_KEY_UISupportedInterfaceOrientations_iPad = "UIInterfaceOrientationPortrait UIInterfaceOrientationPortraitUpsideDown UIInterfaceOrientationLandscapeLeft UIInterfaceOrientationLandscapeRight";
				INFOPLIST_KEY_UISupportedInterfaceOrientations_iPhone = "UIInterfaceOrientationPortrait UIInterfaceOrientationLandscapeLeft UIInterfaceOrientationLandscapeRight";
				LD_RUNPATH_SEARCH_PATHS = (
					"$(inherited)",
					"@executable_path/Frameworks",
				);
				MARKETING_VERSION = 1.0;
				PRODUCT_BUNDLE_IDENTIFIER = ua.edu.ukma.maister.WeatherApp;
				PRODUCT_NAME = "$(TARGET_NAME)";
				SWIFT_EMIT_LOC_STRINGS = YES;
				SWIFT_VERSION = 5.0;
				TARGETED_DEVICE_FAMILY = "1,2";
			};
			name = Debug;
		};
		AF5591F12AD46DEC005A71C6 /* Release */ = {
			isa = XCBuildConfiguration;
			baseConfigurationReference = 7296A60F90A2C47792BF433B /* Pods-WeatherApp.release.xcconfig */;
			buildSettings = {
				ALWAYS_EMBED_SWIFT_STANDARD_LIBRARIES = YES;
				ASSETCATALOG_COMPILER_APPICON_NAME = AppIcon;
				ASSETCATALOG_COMPILER_GLOBAL_ACCENT_COLOR_NAME = AccentColor;
				CODE_SIGN_ENTITLEMENTS = WeatherApp/WeatherApp.entitlements;
				CODE_SIGN_STYLE = Automatic;
				CURRENT_PROJECT_VERSION = 1;
				DEVELOPMENT_TEAM = S25S2XR8HU;
				GENERATE_INFOPLIST_FILE = YES;
				INFOPLIST_FILE = WeatherApp/Info.plist;
				INFOPLIST_KEY_UIApplicationSupportsIndirectInputEvents = YES;
				INFOPLIST_KEY_UILaunchStoryboardName = LaunchScreen;
				INFOPLIST_KEY_UIMainStoryboardFile = Main;
				INFOPLIST_KEY_UISupportedInterfaceOrientations_iPad = "UIInterfaceOrientationPortrait UIInterfaceOrientationPortraitUpsideDown UIInterfaceOrientationLandscapeLeft UIInterfaceOrientationLandscapeRight";
				INFOPLIST_KEY_UISupportedInterfaceOrientations_iPhone = "UIInterfaceOrientationPortrait UIInterfaceOrientationLandscapeLeft UIInterfaceOrientationLandscapeRight";
				LD_RUNPATH_SEARCH_PATHS = (
					"$(inherited)",
					"@executable_path/Frameworks",
				);
				MARKETING_VERSION = 1.0;
				PRODUCT_BUNDLE_IDENTIFIER = ua.edu.ukma.maister.WeatherApp;
				PRODUCT_NAME = "$(TARGET_NAME)";
				SWIFT_EMIT_LOC_STRINGS = YES;
				SWIFT_VERSION = 5.0;
				TARGETED_DEVICE_FAMILY = "1,2";
			};
			name = Release;
		};
/* End XCBuildConfiguration section */

/* Begin XCConfigurationList section */
		AF2F97562AD6D3CD00A80CFE /* Build configuration list for PBXNativeTarget "WeatherAppWidgetExtension" */ = {
			isa = XCConfigurationList;
			buildConfigurations = (
				AF2F97572AD6D3CD00A80CFE /* Debug */,
				AF2F97582AD6D3CD00A80CFE /* Release */,
			);
			defaultConfigurationIsVisible = 0;
			defaultConfigurationName = Release;
		};
		AF5591D62AD46DE7005A71C6 /* Build configuration list for PBXProject "WeatherApp" */ = {
			isa = XCConfigurationList;
			buildConfigurations = (
				AF5591ED2AD46DEC005A71C6 /* Debug */,
				AF5591EE2AD46DEC005A71C6 /* Release */,
			);
			defaultConfigurationIsVisible = 0;
			defaultConfigurationName = Release;
		};
		AF5591EF2AD46DEC005A71C6 /* Build configuration list for PBXNativeTarget "WeatherApp" */ = {
			isa = XCConfigurationList;
			buildConfigurations = (
				AF5591F02AD46DEC005A71C6 /* Debug */,
				AF5591F12AD46DEC005A71C6 /* Release */,
			);
			defaultConfigurationIsVisible = 0;
			defaultConfigurationName = Release;
		};
/* End XCConfigurationList section */
	};
	rootObject = AF5591D32AD46DE7005A71C6 /* Project object */;
}
